
Microsoft Visual Studio Solution File, Format Version 12.00
# Visual Studio Version 16
VisualStudioVersion = 16.0.29025.244
MinimumVisualStudioVersion = 10.0.40219.1
Project("{FAE04EC0-301F-11D3-BF4B-00C04F79EFBC}") = "mejMenu", "mejMenu.csproj", "{3E186C4C-16FC-4ED0-8F8A-A9B53E99698A}"
EndProject
Global
	GlobalSection(SolutionConfigurationPlatforms) = preSolution
		Debug|Any CPU = Debug|Any CPU
		Release|Any CPU = Release|Any CPU
	EndGlobalSection
	GlobalSection(ProjectConfigurationPlatforms) = postSolution
		{3E186C4C-16FC-4ED0-8F8A-A9B53E99698A}.Debug|Any CPU.ActiveCfg = Debug|Any CPU
		{3E186C4C-16FC-4ED0-8F8A-A9B53E99698A}.Debug|Any CPU.Build.0 = Debug|Any CPU
		{3E186C4C-16FC-4ED0-8F8A-A9B53E99698A}.Release|Any CPU.ActiveCfg = Release|Any CPU
		{3E186C4C-16FC-4ED0-8F8A-A9B53E99698A}.Release|Any CPU.Build.0 = Release|Any CPU
	EndGlobalSection
	GlobalSection(SolutionProperties) = preSolution
		HideSolutionNode = FALSE
	EndGlobalSection
	GlobalSection(ExtensibilityGlobals) = postSolution
		SolutionGuid = {40DD485D-ACF1-462C-9299-067AA357F60E}
	EndGlobalSection
EndGlobal
