
Microsoft Visual Studio Solution File, Format Version 12.00
# Visual Studio Version 16
VisualStudioVersion = 16.0.29409.12
MinimumVisualStudioVersion = 10.0.40219.1
Project("{FAE04EC0-301F-11D3-BF4B-00C04F79EFBC}") = "26tabliceStatyczne", "26tabliceStatyczne.csproj", "{831E8FA5-AA12-43DA-B6AF-EC5D7657E9DF}"
EndProject
Global
	GlobalSection(SolutionConfigurationPlatforms) = preSolution
		Debug|Any CPU = Debug|Any CPU
		Release|Any CPU = Release|Any CPU
	EndGlobalSection
	GlobalSection(ProjectConfigurationPlatforms) = postSolution
		{831E8FA5-AA12-43DA-B6AF-EC5D7657E9DF}.Debug|Any CPU.ActiveCfg = Debug|Any CPU
		{831E8FA5-AA12-43DA-B6AF-EC5D7657E9DF}.Debug|Any CPU.Build.0 = Debug|Any CPU
		{831E8FA5-AA12-43DA-B6AF-EC5D7657E9DF}.Release|Any CPU.ActiveCfg = Release|Any CPU
		{831E8FA5-AA12-43DA-B6AF-EC5D7657E9DF}.Release|Any CPU.Build.0 = Release|Any CPU
	EndGlobalSection
	GlobalSection(SolutionProperties) = preSolution
		HideSolutionNode = FALSE
	EndGlobalSection
	GlobalSection(ExtensibilityGlobals) = postSolution
		SolutionGuid = {FEA52065-5F15-4EAE-BC09-425D7542589B}
	EndGlobalSection
EndGlobal
