
Microsoft Visual Studio Solution File, Format Version 12.00
# Visual Studio Version 17
VisualStudioVersion = 17.7.34031.279
MinimumVisualStudioVersion = 10.0.40219.1
Project("{FAE04EC0-301F-11D3-BF4B-00C04F79EFBC}") = "Przesylanie komunikatu zwrotnego", "Przesylanie komunikatu zwrotnego.csproj", "{9398A117-85EE-4B70-8C50-EDADA5227D58}"
EndProject
Global
	GlobalSection(SolutionConfigurationPlatforms) = preSolution
		Debug|Any CPU = Debug|Any CPU
		Release|Any CPU = Release|Any CPU
	EndGlobalSection
	GlobalSection(ProjectConfigurationPlatforms) = postSolution
		{9398A117-85EE-4B70-8C50-EDADA5227D58}.Debug|Any CPU.ActiveCfg = Debug|Any CPU
		{9398A117-85EE-4B70-8C50-EDADA5227D58}.Debug|Any CPU.Build.0 = Debug|Any CPU
		{9398A117-85EE-4B70-8C50-EDADA5227D58}.Release|Any CPU.ActiveCfg = Release|Any CPU
		{9398A117-85EE-4B70-8C50-EDADA5227D58}.Release|Any CPU.Build.0 = Release|Any CPU
	EndGlobalSection
	GlobalSection(SolutionProperties) = preSolution
		HideSolutionNode = FALSE
	EndGlobalSection
	GlobalSection(ExtensibilityGlobals) = postSolution
		SolutionGuid = {28740346-DDB6-4F2B-BBF8-60F500B6A296}
	EndGlobalSection
EndGlobal
