
Microsoft Visual Studio Solution File, Format Version 12.00
# Visual Studio Version 17
VisualStudioVersion = 17.7.34031.279
MinimumVisualStudioVersion = 10.0.40219.1
Project("{FAE04EC0-301F-11D3-BF4B-00C04F79EFBC}") = "Instrukcja warunkowa switch", "Instrukcja warunkowa switch.csproj", "{A2A8C8A1-AF5C-41B8-ACC2-8E7467CD566E}"
EndProject
Global
	GlobalSection(SolutionConfigurationPlatforms) = preSolution
		Debug|Any CPU = Debug|Any CPU
		Release|Any CPU = Release|Any CPU
	EndGlobalSection
	GlobalSection(ProjectConfigurationPlatforms) = postSolution
		{A2A8C8A1-AF5C-41B8-ACC2-8E7467CD566E}.Debug|Any CPU.ActiveCfg = Debug|Any CPU
		{A2A8C8A1-AF5C-41B8-ACC2-8E7467CD566E}.Debug|Any CPU.Build.0 = Debug|Any CPU
		{A2A8C8A1-AF5C-41B8-ACC2-8E7467CD566E}.Release|Any CPU.ActiveCfg = Release|Any CPU
		{A2A8C8A1-AF5C-41B8-ACC2-8E7467CD566E}.Release|Any CPU.Build.0 = Release|Any CPU
	EndGlobalSection
	GlobalSection(SolutionProperties) = preSolution
		HideSolutionNode = FALSE
	EndGlobalSection
	GlobalSection(ExtensibilityGlobals) = postSolution
		SolutionGuid = {4B00EC2C-7211-465E-82B9-E0C4A642638F}
	EndGlobalSection
EndGlobal
