
Microsoft Visual Studio Solution File, Format Version 12.00
# Visual Studio Version 17
VisualStudioVersion = 17.4.33205.214
MinimumVisualStudioVersion = 10.0.40219.1
Project("{FAE04EC0-301F-11D3-BF4B-00C04F79EFBC}") = "21b_menuMyszki", "21b_menuMyszki.csproj", "{4C110B7E-AA39-4D31-B9F0-BBB04FADBA97}"
EndProject
Global
	GlobalSection(SolutionConfigurationPlatforms) = preSolution
		Debug|Any CPU = Debug|Any CPU
		Release|Any CPU = Release|Any CPU
	EndGlobalSection
	GlobalSection(ProjectConfigurationPlatforms) = postSolution
		{4C110B7E-AA39-4D31-B9F0-BBB04FADBA97}.Debug|Any CPU.ActiveCfg = Debug|Any CPU
		{4C110B7E-AA39-4D31-B9F0-BBB04FADBA97}.Debug|Any CPU.Build.0 = Debug|Any CPU
		{4C110B7E-AA39-4D31-B9F0-BBB04FADBA97}.Release|Any CPU.ActiveCfg = Release|Any CPU
		{4C110B7E-AA39-4D31-B9F0-BBB04FADBA97}.Release|Any CPU.Build.0 = Release|Any CPU
	EndGlobalSection
	GlobalSection(SolutionProperties) = preSolution
		HideSolutionNode = FALSE
	EndGlobalSection
	GlobalSection(ExtensibilityGlobals) = postSolution
		SolutionGuid = {9CC411C5-829A-4C97-94C6-569BD88B6FE2}
	EndGlobalSection
EndGlobal
