
Microsoft Visual Studio Solution File, Format Version 12.00
# Visual Studio Version 17
VisualStudioVersion = 17.7.34031.279
MinimumVisualStudioVersion = 10.0.40219.1
Project("{FAE04EC0-301F-11D3-BF4B-00C04F79EFBC}") = "Iteracje. Pętla for, do-while, while", "Iteracje. Pętla for, do-while, while.csproj", "{35267174-8B43-4B92-AF8D-99DF552E6607}"
EndProject
Global
	GlobalSection(SolutionConfigurationPlatforms) = preSolution
		Debug|Any CPU = Debug|Any CPU
		Release|Any CPU = Release|Any CPU
	EndGlobalSection
	GlobalSection(ProjectConfigurationPlatforms) = postSolution
		{35267174-8B43-4B92-AF8D-99DF552E6607}.Debug|Any CPU.ActiveCfg = Debug|Any CPU
		{35267174-8B43-4B92-AF8D-99DF552E6607}.Debug|Any CPU.Build.0 = Debug|Any CPU
		{35267174-8B43-4B92-AF8D-99DF552E6607}.Release|Any CPU.ActiveCfg = Release|Any CPU
		{35267174-8B43-4B92-AF8D-99DF552E6607}.Release|Any CPU.Build.0 = Release|Any CPU
	EndGlobalSection
	GlobalSection(SolutionProperties) = preSolution
		HideSolutionNode = FALSE
	EndGlobalSection
	GlobalSection(ExtensibilityGlobals) = postSolution
		SolutionGuid = {1744D2A3-2FE6-4DDB-87BA-EB9E7826FCFC}
	EndGlobalSection
EndGlobal
